dependencies:
- name: postgresql
  repository: https://kubernetes-charts.storage.googleapis.com/
  version: 0.12.0
- name: pd-pvc
  repository: https://exekube.github.io/charts/
  version: 0.1.0
digest: sha256:8e93c2e019ddfa73f5e2dae00e83666913b1383fbf7f4a9decd5483ddaa0839a
generated: 2018-05-20T14:48:51.145268+03:00
