dependencies:
- name: postgresql
  repository: https://kubernetes-charts.storage.googleapis.com/
  version: 0.12.0
- name: gcloud-sqlproxy
  repository: https://exekube.github.io/charts/
  version: 0.4.0
- name: pd-pvc
  repository: https://exekube.github.io/charts/
  version: 0.1.0
digest: sha256:73a064d69381072cc837e4c4c8f5693bef6133e8a199ac179e2fbc98a4d58117
generated: 2018-05-20T22:38:01.842318+03:00
